
Microsoft Visual Studio Solution File, Format Version 10.00
# Visual Studio 2008
Project("{2150E333-8FDC-42A3-9474-1A3956D46DE8}") = "Stock", "Stock", "{73A4E0A8-6A3F-41F0-87FA-B213F710C990}"
EndProject
Project("{2150E333-8FDC-42A3-9474-1A3956D46DE8}") = "Core", "Core", "{8FAB0BDF-D4C4-425D-BA79-6C8CEB0A8433}"
EndProject
Project("{FAE04EC0-301F-11D3-BF4B-00C04F79EFBC}") = "Stock.Estimation.Net-VS2008", "stock\Stock.Estimation.Net\Stock.Estimation.Net-VS2008.csproj", "{09211D90-7C5D-4C85-AC56-CEAEC2734EA7}"
EndProject
Project("{FAE04EC0-301F-11D3-BF4B-00C04F79EFBC}") = "Estimation.Core-VS2008", "projects\Estimator.Core\Estimation.Core-VS2008.csproj", "{5DE25109-CBE4-4AED-BABA-D42A1CF87699}"
EndProject
Project("{FAE04EC0-301F-11D3-BF4B-00C04F79EFBC}") = "Estimation.Simple-VS2008", "projects\Estimator.Simple\Estimation.Simple-VS2008.csproj", "{2D6808EF-C2EE-4647-9EE4-0F12307E7978}"
EndProject
Project("{2150E333-8FDC-42A3-9474-1A3956D46DE8}") = "Test", "Test", "{90A5CC9F-ACB0-4B73-B2D0-184953CCE4AF}"
EndProject
Project("{FAE04EC0-301F-11D3-BF4B-00C04F79EFBC}") = "TestSimpleEstimation-VS2008", "tests\TestSimpleEstimation\TestSimpleEstimation-VS2008.csproj", "{C5673229-6C9C-445D-AE56-1A22C4371748}"
EndProject
Project("{FAE04EC0-301F-11D3-BF4B-00C04F79EFBC}") = "TestStockEstimator-VS2008", "tests\TestStockEstimator\TestStockEstimator-VS2008.csproj", "{24C3A54A-13C6-4427-B520-F23F6468E98D}"
EndProject
Global
	GlobalSection(SubversionScc) = preSolution
		Svn-Managed = True
		Manager = AnkhSVN - Subversion Support for Visual Studio
	EndGlobalSection
	GlobalSection(SolutionConfigurationPlatforms) = preSolution
		Debug|Any CPU = Debug|Any CPU
		Release|Any CPU = Release|Any CPU
	EndGlobalSection
	GlobalSection(ProjectConfigurationPlatforms) = postSolution
		{09211D90-7C5D-4C85-AC56-CEAEC2734EA7}.Debug|Any CPU.ActiveCfg = Debug|Any CPU
		{09211D90-7C5D-4C85-AC56-CEAEC2734EA7}.Debug|Any CPU.Build.0 = Debug|Any CPU
		{09211D90-7C5D-4C85-AC56-CEAEC2734EA7}.Release|Any CPU.ActiveCfg = Release|Any CPU
		{09211D90-7C5D-4C85-AC56-CEAEC2734EA7}.Release|Any CPU.Build.0 = Release|Any CPU
		{5DE25109-CBE4-4AED-BABA-D42A1CF87699}.Debug|Any CPU.ActiveCfg = Debug|Any CPU
		{5DE25109-CBE4-4AED-BABA-D42A1CF87699}.Debug|Any CPU.Build.0 = Debug|Any CPU
		{5DE25109-CBE4-4AED-BABA-D42A1CF87699}.Release|Any CPU.ActiveCfg = Release|Any CPU
		{5DE25109-CBE4-4AED-BABA-D42A1CF87699}.Release|Any CPU.Build.0 = Release|Any CPU
		{2D6808EF-C2EE-4647-9EE4-0F12307E7978}.Debug|Any CPU.ActiveCfg = Debug|Any CPU
		{2D6808EF-C2EE-4647-9EE4-0F12307E7978}.Debug|Any CPU.Build.0 = Debug|Any CPU
		{2D6808EF-C2EE-4647-9EE4-0F12307E7978}.Release|Any CPU.ActiveCfg = Release|Any CPU
		{2D6808EF-C2EE-4647-9EE4-0F12307E7978}.Release|Any CPU.Build.0 = Release|Any CPU
		{C5673229-6C9C-445D-AE56-1A22C4371748}.Debug|Any CPU.ActiveCfg = Debug|Any CPU
		{C5673229-6C9C-445D-AE56-1A22C4371748}.Debug|Any CPU.Build.0 = Debug|Any CPU
		{C5673229-6C9C-445D-AE56-1A22C4371748}.Release|Any CPU.ActiveCfg = Release|Any CPU
		{C5673229-6C9C-445D-AE56-1A22C4371748}.Release|Any CPU.Build.0 = Release|Any CPU
		{24C3A54A-13C6-4427-B520-F23F6468E98D}.Debug|Any CPU.ActiveCfg = Debug|Any CPU
		{24C3A54A-13C6-4427-B520-F23F6468E98D}.Debug|Any CPU.Build.0 = Debug|Any CPU
		{24C3A54A-13C6-4427-B520-F23F6468E98D}.Release|Any CPU.ActiveCfg = Release|Any CPU
		{24C3A54A-13C6-4427-B520-F23F6468E98D}.Release|Any CPU.Build.0 = Release|Any CPU
	EndGlobalSection
	GlobalSection(SolutionProperties) = preSolution
		HideSolutionNode = FALSE
	EndGlobalSection
	GlobalSection(NestedProjects) = preSolution
		{09211D90-7C5D-4C85-AC56-CEAEC2734EA7} = {73A4E0A8-6A3F-41F0-87FA-B213F710C990}
		{5DE25109-CBE4-4AED-BABA-D42A1CF87699} = {8FAB0BDF-D4C4-425D-BA79-6C8CEB0A8433}
		{2D6808EF-C2EE-4647-9EE4-0F12307E7978} = {8FAB0BDF-D4C4-425D-BA79-6C8CEB0A8433}
		{C5673229-6C9C-445D-AE56-1A22C4371748} = {90A5CC9F-ACB0-4B73-B2D0-184953CCE4AF}
		{24C3A54A-13C6-4427-B520-F23F6468E98D} = {90A5CC9F-ACB0-4B73-B2D0-184953CCE4AF}
	EndGlobalSection
	GlobalSection(MonoDevelopProperties) = preSolution
		name = Estimator.Net
		version = 0.1
		StartupItem = projects\Estimator.Core\Estimation.Core-VS2008.csproj
	EndGlobalSection
EndGlobal
