
Microsoft Visual Studio Solution File, Format Version 9.00
# Visual Studio 2005
Project("{2150E333-8FDC-42A3-9474-1A3956D46DE8}") = "Stock", "Stock", "{73A4E0A8-6A3F-41F0-87FA-B213F710C990}"
EndProject
Project("{FAE04EC0-301F-11D3-BF4B-00C04F79EFBC}") = "Stock.Estimation.Net", "stock\Stock.Estimation.Net\Stock.Estimation.Net.csproj", "{09211D90-7C5D-4C85-AC56-CEAEC2734EA7}"
EndProject
Project("{2150E333-8FDC-42A3-9474-1A3956D46DE8}") = "Core", "Core", "{8FAB0BDF-D4C4-425D-BA79-6C8CEB0A8433}"
EndProject
Project("{FAE04EC0-301F-11D3-BF4B-00C04F79EFBC}") = "Estimation.Core", "projects\Estimator.Core\Estimation.Core.csproj", "{5DE25109-CBE4-4AED-BABA-D42A1CF87699}"
EndProject
Project("{FAE04EC0-301F-11D3-BF4B-00C04F79EFBC}") = "Estimation.Simple", "projects\Estimator.Simple\Estimation.Simple.csproj", "{2D6808EF-C2EE-4647-9EE4-0F12307E7978}"
EndProject
Global
	GlobalSection(SolutionConfigurationPlatforms) = preSolution
		Debug|Any CPU = Debug|Any CPU
		Release|Any CPU = Release|Any CPU
	EndGlobalSection
	GlobalSection(ProjectConfigurationPlatforms) = postSolution
		{09211D90-7C5D-4C85-AC56-CEAEC2734EA7}.Debug|Any CPU.ActiveCfg = Debug|Any CPU
		{09211D90-7C5D-4C85-AC56-CEAEC2734EA7}.Debug|Any CPU.Build.0 = Debug|Any CPU
		{09211D90-7C5D-4C85-AC56-CEAEC2734EA7}.Release|Any CPU.ActiveCfg = Release|Any CPU
		{09211D90-7C5D-4C85-AC56-CEAEC2734EA7}.Release|Any CPU.Build.0 = Release|Any CPU
		{2D6808EF-C2EE-4647-9EE4-0F12307E7978}.Debug|Any CPU.ActiveCfg = Debug|Any CPU
		{2D6808EF-C2EE-4647-9EE4-0F12307E7978}.Debug|Any CPU.Build.0 = Debug|Any CPU
		{2D6808EF-C2EE-4647-9EE4-0F12307E7978}.Release|Any CPU.ActiveCfg = Release|Any CPU
		{2D6808EF-C2EE-4647-9EE4-0F12307E7978}.Release|Any CPU.Build.0 = Release|Any CPU
		{5DE25109-CBE4-4AED-BABA-D42A1CF87699}.Debug|Any CPU.ActiveCfg = Debug|Any CPU
		{5DE25109-CBE4-4AED-BABA-D42A1CF87699}.Debug|Any CPU.Build.0 = Debug|Any CPU
		{5DE25109-CBE4-4AED-BABA-D42A1CF87699}.Release|Any CPU.ActiveCfg = Release|Any CPU
		{5DE25109-CBE4-4AED-BABA-D42A1CF87699}.Release|Any CPU.Build.0 = Release|Any CPU
	EndGlobalSection
	GlobalSection(NestedProjects) = preSolution
		{09211D90-7C5D-4C85-AC56-CEAEC2734EA7} = {73A4E0A8-6A3F-41F0-87FA-B213F710C990}
		{5DE25109-CBE4-4AED-BABA-D42A1CF87699} = {8FAB0BDF-D4C4-425D-BA79-6C8CEB0A8433}
		{2D6808EF-C2EE-4647-9EE4-0F12307E7978} = {8FAB0BDF-D4C4-425D-BA79-6C8CEB0A8433}
	EndGlobalSection
	GlobalSection(MonoDevelopProperties) = preSolution
		name = Estimator.Net
		version = 0.1
		StartupItem = projects\Estimator.Core\Estimation.Core.csproj
	EndGlobalSection
	GlobalSection(SubversionScc) = preSolution
		Svn-Managed = True
		Manager = AnkhSVN - Subversion Support for Visual Studio
	EndGlobalSection
	GlobalSection(SolutionProperties) = preSolution
		HideSolutionNode = FALSE
	EndGlobalSection
EndGlobal
